// !$*UTF8*$!
{
	archiveVersion = 1;
	classes = {
	};
	objectVersion = 50;
	objects = {

/* Begin PBXBuildFile section */
		84610567237471DF00937392 /* AppDelegate.swift in Sources */ = {isa = PBXBuildFile; fileRef = 84610566237471DF00937392 /* AppDelegate.swift */; };
		8461056B237471E000937392 /* Assets.xcassets in Resources */ = {isa = PBXBuildFile; fileRef = 8461056A237471E000937392 /* Assets.xcassets */; };
		8461056E237471E000937392 /* Main.storyboard in Resources */ = {isa = PBXBuildFile; fileRef = 8461056C237471E000937392 /* Main.storyboard */; };
		8461057D2374970000937392 /* Folder.swift in Sources */ = {isa = PBXBuildFile; fileRef = 8461057C2374970000937392 /* Folder.swift */; };
		8461057F2374974F00937392 /* FolderViewController.swift in Sources */ = {isa = PBXBuildFile; fileRef = 8461057E2374974F00937392 /* FolderViewController.swift */; };
		846105A12375CB8F00937392 /* DictionaryExtension.swift in Sources */ = {isa = PBXBuildFile; fileRef = 846105A02375CB8F00937392 /* DictionaryExtension.swift */; };
/* End PBXBuildFile section */

/* Begin PBXFileReference section */
		84610563237471DF00937392 /* GlobalLogicTestApp.app */ = {isa = PBXFileReference; explicitFileType = wrapper.application; includeInIndex = 0; path = GlobalLogicTestApp.app; sourceTree = BUILT_PRODUCTS_DIR; };
		84610566237471DF00937392 /* AppDelegate.swift */ = {isa = PBXFileReference; lastKnownFileType = sourcecode.swift; path = AppDelegate.swift; sourceTree = "<group>"; };
		8461056A237471E000937392 /* Assets.xcassets */ = {isa = PBXFileReference; lastKnownFileType = folder.assetcatalog; path = Assets.xcassets; sourceTree = "<group>"; };
		8461056D237471E000937392 /* Base */ = {isa = PBXFileReference; lastKnownFileType = file.storyboard; name = Base; path = Base.lproj/Main.storyboard; sourceTree = "<group>"; };
		8461056F237471E000937392 /* Info.plist */ = {isa = PBXFileReference; lastKnownFileType = text.plist.xml; path = Info.plist; sourceTree = "<group>"; };
		84610570237471E000937392 /* GlobalLogicTestApp.entitlements */ = {isa = PBXFileReference; lastKnownFileType = text.plist.entitlements; path = GlobalLogicTestApp.entitlements; sourceTree = "<group>"; };
		8461057C2374970000937392 /* Folder.swift */ = {isa = PBXFileReference; lastKnownFileType = sourcecode.swift; path = Folder.swift; sourceTree = "<group>"; };
		8461057E2374974F00937392 /* FolderViewController.swift */ = {isa = PBXFileReference; lastKnownFileType = sourcecode.swift; path = FolderViewController.swift; sourceTree = "<group>"; };
		846105A02375CB8F00937392 /* DictionaryExtension.swift */ = {isa = PBXFileReference; lastKnownFileType = sourcecode.swift; path = DictionaryExtension.swift; sourceTree = "<group>"; };
/* End PBXFileReference section */

/* Begin PBXFrameworksBuildPhase section */
		84610560237471DF00937392 /* Frameworks */ = {
			isa = PBXFrameworksBuildPhase;
			buildActionMask = 2147483647;
			files = (
			);
			runOnlyForDeploymentPostprocessing = 0;
		};
/* End PBXFrameworksBuildPhase section */

/* Begin PBXGroup section */
		8461055A237471DF00937392 = {
			isa = PBXGroup;
			children = (
				84610565237471DF00937392 /* GlobalLogicTestApp */,
				84610564237471DF00937392 /* Products */,
			);
			sourceTree = "<group>";
		};
		84610564237471DF00937392 /* Products */ = {
			isa = PBXGroup;
			children = (
				84610563237471DF00937392 /* GlobalLogicTestApp.app */,
			);
			name = Products;
			sourceTree = "<group>";
		};
		84610565237471DF00937392 /* GlobalLogicTestApp */ = {
			isa = PBXGroup;
			children = (
				84610566237471DF00937392 /* AppDelegate.swift */,
				846105A22375CBED00937392 /* Controllers */,
				846105A32375CBF900937392 /* Models */,
				846105A42375CC0A00937392 /* Extensions */,
				8461056A237471E000937392 /* Assets.xcassets */,
				8461056C237471E000937392 /* Main.storyboard */,
				8461056F237471E000937392 /* Info.plist */,
				84610570237471E000937392 /* GlobalLogicTestApp.entitlements */,
			);
			path = GlobalLogicTestApp;
			sourceTree = "<group>";
		};
		846105A22375CBED00937392 /* Controllers */ = {
			isa = PBXGroup;
			children = (
				8461057E2374974F00937392 /* FolderViewController.swift */,
			);
			path = Controllers;
			sourceTree = "<group>";
		};
		846105A32375CBF900937392 /* Models */ = {
			isa = PBXGroup;
			children = (
				8461057C2374970000937392 /* Folder.swift */,
			);
			path = Models;
			sourceTree = "<group>";
		};
		846105A42375CC0A00937392 /* Extensions */ = {
			isa = PBXGroup;
			children = (
				846105A02375CB8F00937392 /* DictionaryExtension.swift */,
			);
			path = Extensions;
			sourceTree = "<group>";
		};
/* End PBXGroup section */

/* Begin PBXNativeTarget section */
		84610562237471DF00937392 /* GlobalLogicTestApp */ = {
			isa = PBXNativeTarget;
			buildConfigurationList = 84610573237471E000937392 /* Build configuration list for PBXNativeTarget "GlobalLogicTestApp" */;
			buildPhases = (
				8461055F237471DF00937392 /* Sources */,
				84610560237471DF00937392 /* Frameworks */,
				84610561237471DF00937392 /* Resources */,
			);
			buildRules = (
			);
			dependencies = (
			);
			name = GlobalLogicTestApp;
			productName = GlobalLogicTestApp;
			productReference = 84610563237471DF00937392 /* GlobalLogicTestApp.app */;
			productType = "com.apple.product-type.application";
		};
/* End PBXNativeTarget section */

/* Begin PBXProject section */
		8461055B237471DF00937392 /* Project object */ = {
			isa = PBXProject;
			attributes = {
				LastSwiftUpdateCheck = 1030;
				LastUpgradeCheck = 1030;
				ORGANIZATIONNAME = "Lilia Chmola";
				TargetAttributes = {
					84610562237471DF00937392 = {
						CreatedOnToolsVersion = 10.3;
					};
				};
			};
			buildConfigurationList = 8461055E237471DF00937392 /* Build configuration list for PBXProject "GlobalLogicTestApp" */;
			compatibilityVersion = "Xcode 9.3";
			developmentRegion = en;
			hasScannedForEncodings = 0;
			knownRegions = (
				en,
				Base,
			);
			mainGroup = 8461055A237471DF00937392;
			productRefGroup = 84610564237471DF00937392 /* Products */;
			projectDirPath = "";
			projectRoot = "";
			targets = (
				84610562237471DF00937392 /* GlobalLogicTestApp */,
			);
		};
/* End PBXProject section */

/* Begin PBXResourcesBuildPhase section */
		84610561237471DF00937392 /* Resources */ = {
			isa = PBXResourcesBuildPhase;
			buildActionMask = 2147483647;
			files = (
				8461056B237471E000937392 /* Assets.xcassets in Resources */,
				8461056E237471E000937392 /* Main.storyboard in Resources */,
			);
			runOnlyForDeploymentPostprocessing = 0;
		};
/* End PBXResourcesBuildPhase section */

/* Begin PBXSourcesBuildPhase section */
		8461055F237471DF00937392 /* Sources */ = {
			isa = PBXSourcesBuildPhase;
			buildActionMask = 2147483647;
			files = (
				8461057F2374974F00937392 /* FolderViewController.swift in Sources */,
				846105A12375CB8F00937392 /* DictionaryExtension.swift in Sources */,
				8461057D2374970000937392 /* Folder.swift in Sources */,
				84610567237471DF00937392 /* AppDelegate.swift in Sources */,
			);
			runOnlyForDeploymentPostprocessing = 0;
		};
/* End PBXSourcesBuildPhase section */

/* Begin PBXVariantGroup section */
		8461056C237471E000937392 /* Main.storyboard */ = {
			isa = PBXVariantGroup;
			children = (
				8461056D237471E000937392 /* Base */,
			);
			name = Main.storyboard;
			sourceTree = "<group>";
		};
/* End PBXVariantGroup section */

/* Begin XCBuildConfiguration section */
		84610571237471E000937392 /* Debug */ = {
			isa = XCBuildConfiguration;
			buildSettings = {
				ALWAYS_SEARCH_USER_PATHS = NO;
				CLANG_ANALYZER_NONNULL = YES;
				CLANG_ANALYZER_NUMBER_OBJECT_CONVERSION = YES_AGGRESSIVE;
				CLANG_CXX_LANGUAGE_STANDARD = "gnu++14";
				CLANG_CXX_LIBRARY = "libc++";
				CLANG_ENABLE_MODULES = YES;
				CLANG_ENABLE_OBJC_ARC = YES;
				CLANG_ENABLE_OBJC_WEAK = YES;
				CLANG_WARN_BLOCK_CAPTURE_AUTORELEASING = YES;
				CLANG_WARN_BOOL_CONVERSION = YES;
				CLANG_WARN_COMMA = YES;
				CLANG_WARN_CONSTANT_CONVERSION = YES;
				CLANG_WARN_DEPRECATED_OBJC_IMPLEMENTATIONS = YES;
				CLANG_WARN_DIRECT_OBJC_ISA_USAGE = YES_ERROR;
				CLANG_WARN_DOCUMENTATION_COMMENTS = YES;
				CLANG_WARN_EMPTY_BODY = YES;
				CLANG_WARN_ENUM_CONVERSION = YES;
				CLANG_WARN_INFINITE_RECURSION = YES;
				CLANG_WARN_INT_CONVERSION = YES;
				CLANG_WARN_NON_LITERAL_NULL_CONVERSION = YES;
				CLANG_WARN_OBJC_IMPLICIT_RETAIN_SELF = YES;
				CLANG_WARN_OBJC_LITERAL_CONVERSION = YES;
				CLANG_WARN_OBJC_ROOT_CLASS = YES_ERROR;
				CLANG_WARN_RANGE_LOOP_ANALYSIS = YES;
				CLANG_WARN_STRICT_PROTOTYPES = YES;
				CLANG_WARN_SUSPICIOUS_MOVE = YES;
				CLANG_WARN_UNGUARDED_AVAILABILITY = YES_AGGRESSIVE;
				CLANG_WARN_UNREACHABLE_CODE = YES;
				CLANG_WARN__DUPLICATE_METHOD_MATCH = YES;
				CODE_SIGN_IDENTITY = "-";
				COPY_PHASE_STRIP = NO;
				DEBUG_INFORMATION_FORMAT = dwarf;
				ENABLE_STRICT_OBJC_MSGSEND = YES;
				ENABLE_TESTABILITY = YES;
				GCC_C_LANGUAGE_STANDARD = gnu11;
				GCC_DYNAMIC_NO_PIC = NO;
				GCC_NO_COMMON_BLOCKS = YES;
				GCC_OPTIMIZATION_LEVEL = 0;
				GCC_PREPROCESSOR_DEFINITIONS = (
					"DEBUG=1",
					"$(inherited)",
				);
				GCC_WARN_64_TO_32_BIT_CONVERSION = YES;
				GCC_WARN_ABOUT_RETURN_TYPE = YES_ERROR;
				GCC_WARN_UNDECLARED_SELECTOR = YES;
				GCC_WARN_UNINITIALIZED_AUTOS = YES_AGGRESSIVE;
				GCC_WARN_UNUSED_FUNCTION = YES;
				GCC_WARN_UNUSED_VARIABLE = YES;
				MACOSX_DEPLOYMENT_TARGET = 10.14;
				MTL_ENABLE_DEBUG_INFO = INCLUDE_SOURCE;
				MTL_FAST_MATH = YES;
				ONLY_ACTIVE_ARCH = YES;
				SDKROOT = macosx;
				SWIFT_ACTIVE_COMPILATION_CONDITIONS = DEBUG;
				SWIFT_OPTIMIZATION_LEVEL = "-Onone";
			};
			name = Debug;
		};
		84610572237471E000937392 /* Release */ = {
			isa = XCBuildConfiguration;
			buildSettings = {
				ALWAYS_SEARCH_USER_PATHS = NO;
				CLANG_ANALYZER_NONNULL = YES;
				CLANG_ANALYZER_NUMBER_OBJECT_CONVERSION = YES_AGGRESSIVE;
				CLANG_CXX_LANGUAGE_STANDARD = "gnu++14";
				CLANG_CXX_LIBRARY = "libc++";
				CLANG_ENABLE_MODULES = YES;
				CLANG_ENABLE_OBJC_ARC = YES;
				CLANG_ENABLE_OBJC_WEAK = YES;
				CLANG_WARN_BLOCK_CAPTURE_AUTORELEASING = YES;
				CLANG_WARN_BOOL_CONVERSION = YES;
				CLANG_WARN_COMMA = YES;
				CLANG_WARN_CONSTANT_CONVERSION = YES;
				CLANG_WARN_DEPRECATED_OBJC_IMPLEMENTATIONS = YES;
				CLANG_WARN_DIRECT_OBJC_ISA_USAGE = YES_ERROR;
				CLANG_WARN_DOCUMENTATION_COMMENTS = YES;
				CLANG_WARN_EMPTY_BODY = YES;
				CLANG_WARN_ENUM_CONVERSION = YES;
				CLANG_WARN_INFINITE_RECURSION = YES;
				CLANG_WARN_INT_CONVERSION = YES;
				CLANG_WARN_NON_LITERAL_NULL_CONVERSION = YES;
				CLANG_WARN_OBJC_IMPLICIT_RETAIN_SELF = YES;
				CLANG_WARN_OBJC_LITERAL_CONVERSION = YES;
				CLANG_WARN_OBJC_ROOT_CLASS = YES_ERROR;
				CLANG_WARN_RANGE_LOOP_ANALYSIS = YES;
				CLANG_WARN_STRICT_PROTOTYPES = YES;
				CLANG_WARN_SUSPICIOUS_MOVE = YES;
				CLANG_WARN_UNGUARDED_AVAILABILITY = YES_AGGRESSIVE;
				CLANG_WARN_UNREACHABLE_CODE = YES;
				CLANG_WARN__DUPLICATE_METHOD_MATCH = YES;
				CODE_SIGN_IDENTITY = "-";
				COPY_PHASE_STRIP = NO;
				DEBUG_INFORMATION_FORMAT = "dwarf-with-dsym";
				ENABLE_NS_ASSERTIONS = NO;
				ENABLE_STRICT_OBJC_MSGSEND = YES;
				GCC_C_LANGUAGE_STANDARD = gnu11;
				GCC_NO_COMMON_BLOCKS = YES;
				GCC_WARN_64_TO_32_BIT_CONVERSION = YES;
				GCC_WARN_ABOUT_RETURN_TYPE = YES_ERROR;
				GCC_WARN_UNDECLARED_SELECTOR = YES;
				GCC_WARN_UNINITIALIZED_AUTOS = YES_AGGRESSIVE;
				GCC_WARN_UNUSED_FUNCTION = YES;
				GCC_WARN_UNUSED_VARIABLE = YES;
				MACOSX_DEPLOYMENT_TARGET = 10.14;
				MTL_ENABLE_DEBUG_INFO = NO;
				MTL_FAST_MATH = YES;
				SDKROOT = macosx;
				SWIFT_COMPILATION_MODE = wholemodule;
				SWIFT_OPTIMIZATION_LEVEL = "-O";
			};
			name = Release;
		};
		84610574237471E000937392 /* Debug */ = {
			isa = XCBuildConfiguration;
			buildSettings = {
				ASSETCATALOG_COMPILER_APPICON_NAME = AppIcon;
				CODE_SIGN_ENTITLEMENTS = GlobalLogicTestApp/GlobalLogicTestApp.entitlements;
				CODE_SIGN_STYLE = Automatic;
				COMBINE_HIDPI_IMAGES = YES;
				INFOPLIST_FILE = GlobalLogicTestApp/Info.plist;
				LD_RUNPATH_SEARCH_PATHS = (
					"$(inherited)",
					"@executable_path/../Frameworks",
				);
				PRODUCT_BUNDLE_IDENTIFIER = identifier.GlobalLogicTestApp;
				PRODUCT_NAME = "$(TARGET_NAME)";
				SWIFT_VERSION = 5.0;
			};
			name = Debug;
		};
		84610575237471E000937392 /* Release */ = {
			isa = XCBuildConfiguration;
			buildSettings = {
				ASSETCATALOG_COMPILER_APPICON_NAME = AppIcon;
				CODE_SIGN_ENTITLEMENTS = GlobalLogicTestApp/GlobalLogicTestApp.entitlements;
				CODE_SIGN_STYLE = Automatic;
				COMBINE_HIDPI_IMAGES = YES;
				INFOPLIST_FILE = GlobalLogicTestApp/Info.plist;
				LD_RUNPATH_SEARCH_PATHS = (
					"$(inherited)",
					"@executable_path/../Frameworks",
				);
				PRODUCT_BUNDLE_IDENTIFIER = identifier.GlobalLogicTestApp;
				PRODUCT_NAME = "$(TARGET_NAME)";
				SWIFT_VERSION = 5.0;
			};
			name = Release;
		};
/* End XCBuildConfiguration section */

/* Begin XCConfigurationList section */
		8461055E237471DF00937392 /* Build configuration list for PBXProject "GlobalLogicTestApp" */ = {
			isa = XCConfigurationList;
			buildConfigurations = (
				84610571237471E000937392 /* Debug */,
				84610572237471E000937392 /* Release */,
			);
			defaultConfigurationIsVisible = 0;
			defaultConfigurationName = Release;
		};
		84610573237471E000937392 /* Build configuration list for PBXNativeTarget "GlobalLogicTestApp" */ = {
			isa = XCConfigurationList;
			buildConfigurations = (
				84610574237471E000937392 /* Debug */,
				84610575237471E000937392 /* Release */,
			);
			defaultConfigurationIsVisible = 0;
			defaultConfigurationName = Release;
		};
/* End XCConfigurationList section */
	};
	rootObject = 8461055B237471DF00937392 /* Project object */;
}
